
Microsoft Visual Studio Solution File, Format Version 12.00
# Visual Studio Version 16
VisualStudioVersion = 16.0.31005.135
MinimumVisualStudioVersion = 10.0.40219.1
Project("{FAE04EC0-301F-11D3-BF4B-00C04F79EFBC}") = "LesTableauxExo5", "LesTableauxExo5.csproj", "{C27CEED2-2FEE-4353-9B1D-D473883581DB}"
EndProject
Global
	GlobalSection(SolutionConfigurationPlatforms) = preSolution
		Debug|Any CPU = Debug|Any CPU
		Release|Any CPU = Release|Any CPU
	EndGlobalSection
	GlobalSection(ProjectConfigurationPlatforms) = postSolution
		{C27CEED2-2FEE-4353-9B1D-D473883581DB}.Debug|Any CPU.ActiveCfg = Debug|Any CPU
		{C27CEED2-2FEE-4353-9B1D-D473883581DB}.Debug|Any CPU.Build.0 = Debug|Any CPU
		{C27CEED2-2FEE-4353-9B1D-D473883581DB}.Release|Any CPU.ActiveCfg = Release|Any CPU
		{C27CEED2-2FEE-4353-9B1D-D473883581DB}.Release|Any CPU.Build.0 = Release|Any CPU
	EndGlobalSection
	GlobalSection(SolutionProperties) = preSolution
		HideSolutionNode = FALSE
	EndGlobalSection
	GlobalSection(ExtensibilityGlobals) = postSolution
		SolutionGuid = {F02E2CAF-6E73-4EC4-A331-6E0D773F7879}
	EndGlobalSection
EndGlobal
